
Microsoft Visual Studio Solution File, Format Version 12.00
# Visual Studio Version 16
VisualStudioVersion = 16.0.32602.291
MinimumVisualStudioVersion = 10.0.40219.1
Project("{8BC9CEB8-8B4A-11D0-8D11-00A0C91BC942}") = "Program", "Program\Program.vcxproj", "{07A513EC-8BAA-4352-83B8-9168F5E6D851}"
EndProject
Global
	GlobalSection(SolutionConfigurationPlatforms) = preSolution
		Debug|x64 = Debug|x64
		Debug|x86 = Debug|x86
		Release|x64 = Release|x64
		Release|x86 = Release|x86
	EndGlobalSection
	GlobalSection(ProjectConfigurationPlatforms) = postSolution
		{07A513EC-8BAA-4352-83B8-9168F5E6D851}.Debug|x64.ActiveCfg = Debug|x64
		{07A513EC-8BAA-4352-83B8-9168F5E6D851}.Debug|x64.Build.0 = Debug|x64
		{07A513EC-8BAA-4352-83B8-9168F5E6D851}.Debug|x86.ActiveCfg = Debug|Win32
		{07A513EC-8BAA-4352-83B8-9168F5E6D851}.Debug|x86.Build.0 = Debug|Win32
		{07A513EC-8BAA-4352-83B8-9168F5E6D851}.Release|x64.ActiveCfg = Release|x64
		{07A513EC-8BAA-4352-83B8-9168F5E6D851}.Release|x64.Build.0 = Release|x64
		{07A513EC-8BAA-4352-83B8-9168F5E6D851}.Release|x86.ActiveCfg = Release|Win32
		{07A513EC-8BAA-4352-83B8-9168F5E6D851}.Release|x86.Build.0 = Release|Win32
	EndGlobalSection
	GlobalSection(SolutionProperties) = preSolution
		HideSolutionNode = FALSE
	EndGlobalSection
	GlobalSection(ExtensibilityGlobals) = postSolution
		SolutionGuid = {A9163C61-9BCF-41E9-BAB4-261A04C31307}
	EndGlobalSection
EndGlobal
